
Microsoft Visual Studio Solution File, Format Version 12.00
# Visual Studio Version 17
VisualStudioVersion = 17.3.32922.545
MinimumVisualStudioVersion = 10.0.40219.1
Project("{FAE04EC0-301F-11D3-BF4B-00C04F79EFBC}") = "TestGit", "TestGit.csproj", "{A424A2C7-A3D9-4078-8A12-8DB40AB8E6CA}"
EndProject
Global
	GlobalSection(SolutionConfigurationPlatforms) = preSolution
		Debug|Any CPU = Debug|Any CPU
		Release|Any CPU = Release|Any CPU
	EndGlobalSection
	GlobalSection(ProjectConfigurationPlatforms) = postSolution
		{A424A2C7-A3D9-4078-8A12-8DB40AB8E6CA}.Debug|Any CPU.ActiveCfg = Debug|Any CPU
		{A424A2C7-A3D9-4078-8A12-8DB40AB8E6CA}.Debug|Any CPU.Build.0 = Debug|Any CPU
		{A424A2C7-A3D9-4078-8A12-8DB40AB8E6CA}.Release|Any CPU.ActiveCfg = Release|Any CPU
		{A424A2C7-A3D9-4078-8A12-8DB40AB8E6CA}.Release|Any CPU.Build.0 = Release|Any CPU
	EndGlobalSection
	GlobalSection(SolutionProperties) = preSolution
		HideSolutionNode = FALSE
	EndGlobalSection
	GlobalSection(ExtensibilityGlobals) = postSolution
		SolutionGuid = {6091FE8F-EF62-439A-8CAA-3346FA6EA642}
	EndGlobalSection
EndGlobal
