
Microsoft Visual Studio Solution File, Format Version 12.00
# Visual Studio Version 17
VisualStudioVersion = 17.3.32922.545
MinimumVisualStudioVersion = 10.0.40219.1
Project("{FAE04EC0-301F-11D3-BF4B-00C04F79EFBC}") = "NiSignala", "NiSignala.csproj", "{4818EAFF-6C48-4C00-9B51-B1CBAE3778FC}"
EndProject
Global
	GlobalSection(SolutionConfigurationPlatforms) = preSolution
		Debug|Any CPU = Debug|Any CPU
		Release|Any CPU = Release|Any CPU
	EndGlobalSection
	GlobalSection(ProjectConfigurationPlatforms) = postSolution
		{4818EAFF-6C48-4C00-9B51-B1CBAE3778FC}.Debug|Any CPU.ActiveCfg = Debug|Any CPU
		{4818EAFF-6C48-4C00-9B51-B1CBAE3778FC}.Debug|Any CPU.Build.0 = Debug|Any CPU
		{4818EAFF-6C48-4C00-9B51-B1CBAE3778FC}.Release|Any CPU.ActiveCfg = Release|Any CPU
		{4818EAFF-6C48-4C00-9B51-B1CBAE3778FC}.Release|Any CPU.Build.0 = Release|Any CPU
	EndGlobalSection
	GlobalSection(SolutionProperties) = preSolution
		HideSolutionNode = FALSE
	EndGlobalSection
	GlobalSection(ExtensibilityGlobals) = postSolution
		SolutionGuid = {E1362D25-15D9-41DE-B1B9-61FF2A85E5F9}
	EndGlobalSection
EndGlobal
